// !$*UTF8*$!
{
	archiveVersion = 1;
	classes = {
	};
	objectVersion = 46;
	objects = {

/* Begin PBXBuildFile section */
		EB33DD201D9F07190000CDAB /* SSSAlarmController.swift in Sources */ = {isa = PBXBuildFile; fileRef = EB33DD1F1D9F07190000CDAB /* SSSAlarmController.swift */; };
		EB34E6B91DBCBCE0004A6609 /* alarmErrors.swift in Sources */ = {isa = PBXBuildFile; fileRef = EB34E6B81DBCBCE0004A6609 /* alarmErrors.swift */; };
		EB34E6BB1DBF2E55004A6609 /* AlarmTableViewCell.swift in Sources */ = {isa = PBXBuildFile; fileRef = EB34E6BA1DBF2E55004A6609 /* AlarmTableViewCell.swift */; };
		EB34E6BF1DBF49DD004A6609 /* AlarmTableViewController.swift in Sources */ = {isa = PBXBuildFile; fileRef = EB34E6BE1DBF49DD004A6609 /* AlarmTableViewController.swift */; };
		EB38664A1D906D1100DE4D9E /* AppDelegate.swift in Sources */ = {isa = PBXBuildFile; fileRef = EB3866491D906D1100DE4D9E /* AppDelegate.swift */; };
		EB38664C1D906D1100DE4D9E /* ViewController.swift in Sources */ = {isa = PBXBuildFile; fileRef = EB38664B1D906D1100DE4D9E /* ViewController.swift */; };
		EB38664F1D906D1100DE4D9E /* Main.storyboard in Resources */ = {isa = PBXBuildFile; fileRef = EB38664D1D906D1100DE4D9E /* Main.storyboard */; };
		EB3866521D906D1100DE4D9E /* AlarmClock.xcdatamodeld in Sources */ = {isa = PBXBuildFile; fileRef = EB3866501D906D1100DE4D9E /* AlarmClock.xcdatamodeld */; };
		EB3866571D906D1100DE4D9E /* LaunchScreen.storyboard in Resources */ = {isa = PBXBuildFile; fileRef = EB3866551D906D1100DE4D9E /* LaunchScreen.storyboard */; };
		EB3866611D90A1C300DE4D9E /* AudioClip.swift in Sources */ = {isa = PBXBuildFile; fileRef = EB3866601D90A1C300DE4D9E /* AudioClip.swift */; };
		EB3866641D90A2FC00DE4D9E /* Assets.xcassets in Resources */ = {isa = PBXBuildFile; fileRef = EB3866631D90A2FC00DE4D9E /* Assets.xcassets */; };
		EB3866661D90A4D800DE4D9E /* SSSAudioController.swift in Sources */ = {isa = PBXBuildFile; fileRef = EB3866651D90A4D800DE4D9E /* SSSAudioController.swift */; };
		EB3866681D92352F00DE4D9E /* foghorn.mp3 in Resources */ = {isa = PBXBuildFile; fileRef = EB3866671D92352F00DE4D9E /* foghorn.mp3 */; };
		EB3866731D92656200DE4D9E /* railroadcrossing.mp3 in Resources */ = {isa = PBXBuildFile; fileRef = EB38666A1D92656200DE4D9E /* railroadcrossing.mp3 */; };
		EB3866741D92656200DE4D9E /* buzzbuzz.mp3 in Resources */ = {isa = PBXBuildFile; fileRef = EB38666B1D92656200DE4D9E /* buzzbuzz.mp3 */; };
		EB3866751D92656200DE4D9E /* wartime.mp3 in Resources */ = {isa = PBXBuildFile; fileRef = EB38666C1D92656200DE4D9E /* wartime.mp3 */; };
		EB3866761D92656200DE4D9E /* bombsaway.mp3 in Resources */ = {isa = PBXBuildFile; fileRef = EB38666D1D92656200DE4D9E /* bombsaway.mp3 */; };
		EB3866771D92656200DE4D9E /* firealarm.mp3 in Resources */ = {isa = PBXBuildFile; fileRef = EB38666E1D92656200DE4D9E /* firealarm.mp3 */; };
		EB3866781D92656200DE4D9E /* tornadoally.mp3 in Resources */ = {isa = PBXBuildFile; fileRef = EB38666F1D92656200DE4D9E /* tornadoally.mp3 */; };
		EB3866791D92656200DE4D9E /* missilecommand.mp3 in Resources */ = {isa = PBXBuildFile; fileRef = EB3866701D92656200DE4D9E /* missilecommand.mp3 */; };
		EB38667A1D92656200DE4D9E /* oldtimebuzzer.mp3 in Resources */ = {isa = PBXBuildFile; fileRef = EB3866711D92656200DE4D9E /* oldtimebuzzer.mp3 */; };
		EB38667B1D92656200DE4D9E /* aliens.mp3 in Resources */ = {isa = PBXBuildFile; fileRef = EB3866721D92656200DE4D9E /* aliens.mp3 */; };
		EB3BED4A1D93555400AB8480 /* SSSClock.swift in Sources */ = {isa = PBXBuildFile; fileRef = EB3BED491D93555400AB8480 /* SSSClock.swift */; };
		EB402DFD1D9B7E1800B7C8AE /* digital-7.ttf in Resources */ = {isa = PBXBuildFile; fileRef = EB402DFB1D9B701C00B7C8AE /* digital-7.ttf */; };
		EB402DFE1D9B7E1C00B7C8AE /* digital-7 (mono).ttf in Resources */ = {isa = PBXBuildFile; fileRef = EB402DFA1D9B701C00B7C8AE /* digital-7 (mono).ttf */; };
		EB402DFF1D9B7E1F00B7C8AE /* digital-7 (mono italic).ttf in Resources */ = {isa = PBXBuildFile; fileRef = EB402DF91D9B701C00B7C8AE /* digital-7 (mono italic).ttf */; };
		EB402E001D9B7E2200B7C8AE /* digital-7 (italic).ttf in Resources */ = {isa = PBXBuildFile; fileRef = EB402DF81D9B701C00B7C8AE /* digital-7 (italic).ttf */; };
		EB402E051D9DBAE300B7C8AE /* SSSSetupAlarmViewController.swift in Sources */ = {isa = PBXBuildFile; fileRef = EB402E041D9DBAE300B7C8AE /* SSSSetupAlarmViewController.swift */; };
		EB402E071D9DBAF600B7C8AE /* SSSSettingsViewController.swift in Sources */ = {isa = PBXBuildFile; fileRef = EB402E061D9DBAF600B7C8AE /* SSSSettingsViewController.swift */; };
		EB402E091D9DBC1600B7C8AE /* SSSAddAlarmViewController.swift in Sources */ = {isa = PBXBuildFile; fileRef = EB402E081D9DBC1600B7C8AE /* SSSAddAlarmViewController.swift */; };
		EB40C8BA1D9604BD00AE6DDF /* Stinkin Boop Font.ttf in Resources */ = {isa = PBXBuildFile; fileRef = EB40C8B91D9602FF00AE6DDF /* Stinkin Boop Font.ttf */; };
		EB40C8BC1D96062400AE6DDF /* RACE1 Brannt Chiseled NCV.ttf in Resources */ = {isa = PBXBuildFile; fileRef = EB40C8BB1D9605EA00AE6DDF /* RACE1 Brannt Chiseled NCV.ttf */; };
		EBBA3C8B1DDD9DAF00D18EFD /* SSSAlarmMenuTableViewController.swift in Sources */ = {isa = PBXBuildFile; fileRef = EBBA3C8A1DDD9DAF00D18EFD /* SSSAlarmMenuTableViewController.swift */; };
		EBBA3C8D1DDDB61300D18EFD /* DateExtension.swift in Sources */ = {isa = PBXBuildFile; fileRef = EBBA3C8C1DDDB61300D18EFD /* DateExtension.swift */; };
		EBEE6A401DDF0A9A0004E35D /* SelectAudioTableViewCell.swift in Sources */ = {isa = PBXBuildFile; fileRef = EBEE6A3F1DDF0A9A0004E35D /* SelectAudioTableViewCell.swift */; };
/* End PBXBuildFile section */

/* Begin PBXFileReference section */
		EB33DD1F1D9F07190000CDAB /* SSSAlarmController.swift */ = {isa = PBXFileReference; fileEncoding = 4; lastKnownFileType = sourcecode.swift; path = SSSAlarmController.swift; sourceTree = "<group>"; };
		EB34E6B81DBCBCE0004A6609 /* alarmErrors.swift */ = {isa = PBXFileReference; fileEncoding = 4; lastKnownFileType = sourcecode.swift; path = alarmErrors.swift; sourceTree = "<group>"; };
		EB34E6BA1DBF2E55004A6609 /* AlarmTableViewCell.swift */ = {isa = PBXFileReference; fileEncoding = 4; lastKnownFileType = sourcecode.swift; path = AlarmTableViewCell.swift; sourceTree = "<group>"; };
		EB34E6BE1DBF49DD004A6609 /* AlarmTableViewController.swift */ = {isa = PBXFileReference; fileEncoding = 4; lastKnownFileType = sourcecode.swift; path = AlarmTableViewController.swift; sourceTree = "<group>"; };
		EB3866461D906D1100DE4D9E /* AlarmClock.app */ = {isa = PBXFileReference; explicitFileType = wrapper.application; includeInIndex = 0; path = AlarmClock.app; sourceTree = BUILT_PRODUCTS_DIR; };
		EB3866491D906D1100DE4D9E /* AppDelegate.swift */ = {isa = PBXFileReference; lastKnownFileType = sourcecode.swift; path = AppDelegate.swift; sourceTree = "<group>"; };
		EB38664B1D906D1100DE4D9E /* ViewController.swift */ = {isa = PBXFileReference; lastKnownFileType = sourcecode.swift; path = ViewController.swift; sourceTree = "<group>"; };
		EB38664E1D906D1100DE4D9E /* Base */ = {isa = PBXFileReference; lastKnownFileType = file.storyboard; name = Base; path = Base.lproj/Main.storyboard; sourceTree = "<group>"; };
		EB3866511D906D1100DE4D9E /* AlarmClock.xcdatamodel */ = {isa = PBXFileReference; lastKnownFileType = wrapper.xcdatamodel; path = AlarmClock.xcdatamodel; sourceTree = "<group>"; };
		EB3866561D906D1100DE4D9E /* Base */ = {isa = PBXFileReference; lastKnownFileType = file.storyboard; name = Base; path = Base.lproj/LaunchScreen.storyboard; sourceTree = "<group>"; };
		EB3866581D906D1100DE4D9E /* Info.plist */ = {isa = PBXFileReference; lastKnownFileType = text.plist.xml; path = Info.plist; sourceTree = "<group>"; };
		EB3866601D90A1C300DE4D9E /* AudioClip.swift */ = {isa = PBXFileReference; fileEncoding = 4; lastKnownFileType = sourcecode.swift; path = AudioClip.swift; sourceTree = "<group>"; };
		EB3866631D90A2FC00DE4D9E /* Assets.xcassets */ = {isa = PBXFileReference; lastKnownFileType = folder.assetcatalog; path = Assets.xcassets; sourceTree = "<group>"; };
		EB3866651D90A4D800DE4D9E /* SSSAudioController.swift */ = {isa = PBXFileReference; fileEncoding = 4; lastKnownFileType = sourcecode.swift; path = SSSAudioController.swift; sourceTree = "<group>"; };
		EB3866671D92352F00DE4D9E /* foghorn.mp3 */ = {isa = PBXFileReference; lastKnownFileType = audio.mp3; path = foghorn.mp3; sourceTree = "<group>"; };
		EB38666A1D92656200DE4D9E /* railroadcrossing.mp3 */ = {isa = PBXFileReference; lastKnownFileType = audio.mp3; path = railroadcrossing.mp3; sourceTree = "<group>"; };
		EB38666B1D92656200DE4D9E /* buzzbuzz.mp3 */ = {isa = PBXFileReference; lastKnownFileType = audio.mp3; path = buzzbuzz.mp3; sourceTree = "<group>"; };
		EB38666C1D92656200DE4D9E /* wartime.mp3 */ = {isa = PBXFileReference; lastKnownFileType = audio.mp3; path = wartime.mp3; sourceTree = "<group>"; };
		EB38666D1D92656200DE4D9E /* bombsaway.mp3 */ = {isa = PBXFileReference; lastKnownFileType = audio.mp3; path = bombsaway.mp3; sourceTree = "<group>"; };
		EB38666E1D92656200DE4D9E /* firealarm.mp3 */ = {isa = PBXFileReference; lastKnownFileType = audio.mp3; path = firealarm.mp3; sourceTree = "<group>"; };
		EB38666F1D92656200DE4D9E /* tornadoally.mp3 */ = {isa = PBXFileReference; lastKnownFileType = audio.mp3; path = tornadoally.mp3; sourceTree = "<group>"; };
		EB3866701D92656200DE4D9E /* missilecommand.mp3 */ = {isa = PBXFileReference; lastKnownFileType = audio.mp3; path = missilecommand.mp3; sourceTree = "<group>"; };
		EB3866711D92656200DE4D9E /* oldtimebuzzer.mp3 */ = {isa = PBXFileReference; lastKnownFileType = audio.mp3; path = oldtimebuzzer.mp3; sourceTree = "<group>"; };
		EB3866721D92656200DE4D9E /* aliens.mp3 */ = {isa = PBXFileReference; lastKnownFileType = audio.mp3; path = aliens.mp3; sourceTree = "<group>"; };
		EB3BED491D93555400AB8480 /* SSSClock.swift */ = {isa = PBXFileReference; fileEncoding = 4; lastKnownFileType = sourcecode.swift; path = SSSClock.swift; sourceTree = "<group>"; };
		EB402DF81D9B701C00B7C8AE /* digital-7 (italic).ttf */ = {isa = PBXFileReference; lastKnownFileType = file; path = "digital-7 (italic).ttf"; sourceTree = "<group>"; };
		EB402DF91D9B701C00B7C8AE /* digital-7 (mono italic).ttf */ = {isa = PBXFileReference; lastKnownFileType = file; path = "digital-7 (mono italic).ttf"; sourceTree = "<group>"; };
		EB402DFA1D9B701C00B7C8AE /* digital-7 (mono).ttf */ = {isa = PBXFileReference; lastKnownFileType = file; path = "digital-7 (mono).ttf"; sourceTree = "<group>"; };
		EB402DFB1D9B701C00B7C8AE /* digital-7.ttf */ = {isa = PBXFileReference; lastKnownFileType = file; path = "digital-7.ttf"; sourceTree = "<group>"; };
		EB402E041D9DBAE300B7C8AE /* SSSSetupAlarmViewController.swift */ = {isa = PBXFileReference; fileEncoding = 4; lastKnownFileType = sourcecode.swift; name = SSSSetupAlarmViewController.swift; path = ../SSSSetupAlarmViewController.swift; sourceTree = "<group>"; };
		EB402E061D9DBAF600B7C8AE /* SSSSettingsViewController.swift */ = {isa = PBXFileReference; fileEncoding = 4; lastKnownFileType = sourcecode.swift; name = SSSSettingsViewController.swift; path = ../SSSSettingsViewController.swift; sourceTree = "<group>"; };
		EB402E081D9DBC1600B7C8AE /* SSSAddAlarmViewController.swift */ = {isa = PBXFileReference; fileEncoding = 4; lastKnownFileType = sourcecode.swift; path = SSSAddAlarmViewController.swift; sourceTree = "<group>"; };
		EB40C8B91D9602FF00AE6DDF /* Stinkin Boop Font.ttf */ = {isa = PBXFileReference; lastKnownFileType = file; path = "Stinkin Boop Font.ttf"; sourceTree = "<group>"; };
		EB40C8BB1D9605EA00AE6DDF /* RACE1 Brannt Chiseled NCV.ttf */ = {isa = PBXFileReference; lastKnownFileType = file; path = "RACE1 Brannt Chiseled NCV.ttf"; sourceTree = "<group>"; };
		EBBA3C8A1DDD9DAF00D18EFD /* SSSAlarmMenuTableViewController.swift */ = {isa = PBXFileReference; fileEncoding = 4; lastKnownFileType = sourcecode.swift; path = SSSAlarmMenuTableViewController.swift; sourceTree = "<group>"; };
		EBBA3C8C1DDDB61300D18EFD /* DateExtension.swift */ = {isa = PBXFileReference; fileEncoding = 4; lastKnownFileType = sourcecode.swift; path = DateExtension.swift; sourceTree = "<group>"; };
		EBEE6A3F1DDF0A9A0004E35D /* SelectAudioTableViewCell.swift */ = {isa = PBXFileReference; fileEncoding = 4; lastKnownFileType = sourcecode.swift; path = SelectAudioTableViewCell.swift; sourceTree = "<group>"; };
/* End PBXFileReference section */

/* Begin PBXFrameworksBuildPhase section */
		EB3866431D906D1100DE4D9E /* Frameworks */ = {
			isa = PBXFrameworksBuildPhase;
			buildActionMask = 2147483647;
			files = (
			);
			runOnlyForDeploymentPostprocessing = 0;
		};
/* End PBXFrameworksBuildPhase section */

/* Begin PBXGroup section */
		EB38663D1D906D1100DE4D9E = {
			isa = PBXGroup;
			children = (
				EB3866481D906D1100DE4D9E /* AlarmClock */,
				EB3866471D906D1100DE4D9E /* Products */,
			);
			sourceTree = "<group>";
		};
		EB3866471D906D1100DE4D9E /* Products */ = {
			isa = PBXGroup;
			children = (
				EB3866461D906D1100DE4D9E /* AlarmClock.app */,
			);
			name = Products;
			sourceTree = "<group>";
		};
		EB3866481D906D1100DE4D9E /* AlarmClock */ = {
			isa = PBXGroup;
			children = (
				EB3866691D92646E00DE4D9E /* AlarmSounds */,
				EB3866491D906D1100DE4D9E /* AppDelegate.swift */,
				EB34E6BE1DBF49DD004A6609 /* AlarmTableViewController.swift */,
				EB34E6BA1DBF2E55004A6609 /* AlarmTableViewCell.swift */,
				EB34E6B81DBCBCE0004A6609 /* alarmErrors.swift */,
				EB402E081D9DBC1600B7C8AE /* SSSAddAlarmViewController.swift */,
				EB33DD1F1D9F07190000CDAB /* SSSAlarmController.swift */,
				EB3866651D90A4D800DE4D9E /* SSSAudioController.swift */,
				EBBA3C8A1DDD9DAF00D18EFD /* SSSAlarmMenuTableViewController.swift */,
				EB3866601D90A1C300DE4D9E /* AudioClip.swift */,
				EB3BED491D93555400AB8480 /* SSSClock.swift */,
				EBBA3C8C1DDDB61300D18EFD /* DateExtension.swift */,
				EB402E061D9DBAF600B7C8AE /* SSSSettingsViewController.swift */,
				EB402E041D9DBAE300B7C8AE /* SSSSetupAlarmViewController.swift */,
				EBEE6A3F1DDF0A9A0004E35D /* SelectAudioTableViewCell.swift */,
				EB38664B1D906D1100DE4D9E /* ViewController.swift */,
				EB38664D1D906D1100DE4D9E /* Main.storyboard */,
				EB3866551D906D1100DE4D9E /* LaunchScreen.storyboard */,
				EB3866581D906D1100DE4D9E /* Info.plist */,
				EB3866501D906D1100DE4D9E /* AlarmClock.xcdatamodeld */,
				EB402E011D9DBA5D00B7C8AE /* Fonts */,
				EB3866631D90A2FC00DE4D9E /* Assets.xcassets */,
			);
			path = AlarmClock;
			sourceTree = "<group>";
		};
		EB3866691D92646E00DE4D9E /* AlarmSounds */ = {
			isa = PBXGroup;
			children = (
				EB38666A1D92656200DE4D9E /* railroadcrossing.mp3 */,
				EB38666B1D92656200DE4D9E /* buzzbuzz.mp3 */,
				EB38666C1D92656200DE4D9E /* wartime.mp3 */,
				EB38666D1D92656200DE4D9E /* bombsaway.mp3 */,
				EB38666E1D92656200DE4D9E /* firealarm.mp3 */,
				EB38666F1D92656200DE4D9E /* tornadoally.mp3 */,
				EB3866701D92656200DE4D9E /* missilecommand.mp3 */,
				EB3866711D92656200DE4D9E /* oldtimebuzzer.mp3 */,
				EB3866721D92656200DE4D9E /* aliens.mp3 */,
				EB3866671D92352F00DE4D9E /* foghorn.mp3 */,
			);
			name = AlarmSounds;
			sourceTree = "<group>";
		};
		EB402E011D9DBA5D00B7C8AE /* Fonts */ = {
			isa = PBXGroup;
			children = (
				EB40C8B91D9602FF00AE6DDF /* Stinkin Boop Font.ttf */,
				EB40C8BB1D9605EA00AE6DDF /* RACE1 Brannt Chiseled NCV.ttf */,
				EB402DF81D9B701C00B7C8AE /* digital-7 (italic).ttf */,
				EB402DF91D9B701C00B7C8AE /* digital-7 (mono italic).ttf */,
				EB402DFA1D9B701C00B7C8AE /* digital-7 (mono).ttf */,
				EB402DFB1D9B701C00B7C8AE /* digital-7.ttf */,
			);
			name = Fonts;
			sourceTree = "<group>";
		};
/* End PBXGroup section */

/* Begin PBXNativeTarget section */
		EB3866451D906D1100DE4D9E /* AlarmClock */ = {
			isa = PBXNativeTarget;
			buildConfigurationList = EB38665B1D906D1100DE4D9E /* Build configuration list for PBXNativeTarget "AlarmClock" */;
			buildPhases = (
				EB3866421D906D1100DE4D9E /* Sources */,
				EB3866431D906D1100DE4D9E /* Frameworks */,
				EB3866441D906D1100DE4D9E /* Resources */,
			);
			buildRules = (
			);
			dependencies = (
			);
			name = AlarmClock;
			productName = AlarmClock;
			productReference = EB3866461D906D1100DE4D9E /* AlarmClock.app */;
			productType = "com.apple.product-type.application";
		};
/* End PBXNativeTarget section */

/* Begin PBXProject section */
		EB38663E1D906D1100DE4D9E /* Project object */ = {
			isa = PBXProject;
			attributes = {
				LastSwiftUpdateCheck = 0800;
				LastUpgradeCheck = 0800;
				ORGANIZATIONNAME = "Ben Shockley";
				TargetAttributes = {
					EB3866451D906D1100DE4D9E = {
						CreatedOnToolsVersion = 8.0;
						DevelopmentTeam = M2E574EG2U;
						ProvisioningStyle = Automatic;
					};
				};
			};
			buildConfigurationList = EB3866411D906D1100DE4D9E /* Build configuration list for PBXProject "AlarmClock" */;
			compatibilityVersion = "Xcode 3.2";
			developmentRegion = English;
			hasScannedForEncodings = 0;
			knownRegions = (
				en,
				Base,
			);
			mainGroup = EB38663D1D906D1100DE4D9E;
			productRefGroup = EB3866471D906D1100DE4D9E /* Products */;
			projectDirPath = "";
			projectRoot = "";
			targets = (
				EB3866451D906D1100DE4D9E /* AlarmClock */,
			);
		};
/* End PBXProject section */

/* Begin PBXResourcesBuildPhase section */
		EB3866441D906D1100DE4D9E /* Resources */ = {
			isa = PBXResourcesBuildPhase;
			buildActionMask = 2147483647;
			files = (
				EB3866761D92656200DE4D9E /* bombsaway.mp3 in Resources */,
				EB3866741D92656200DE4D9E /* buzzbuzz.mp3 in Resources */,
				EB40C8BA1D9604BD00AE6DDF /* Stinkin Boop Font.ttf in Resources */,
				EB3866791D92656200DE4D9E /* missilecommand.mp3 in Resources */,
				EB38667A1D92656200DE4D9E /* oldtimebuzzer.mp3 in Resources */,
				EB3866781D92656200DE4D9E /* tornadoally.mp3 in Resources */,
				EB3866731D92656200DE4D9E /* railroadcrossing.mp3 in Resources */,
				EB3866681D92352F00DE4D9E /* foghorn.mp3 in Resources */,
				EB402DFD1D9B7E1800B7C8AE /* digital-7.ttf in Resources */,
				EB3866751D92656200DE4D9E /* wartime.mp3 in Resources */,
				EB402E001D9B7E2200B7C8AE /* digital-7 (italic).ttf in Resources */,
				EB3866571D906D1100DE4D9E /* LaunchScreen.storyboard in Resources */,
				EB402DFE1D9B7E1C00B7C8AE /* digital-7 (mono).ttf in Resources */,
				EB38667B1D92656200DE4D9E /* aliens.mp3 in Resources */,
				EB40C8BC1D96062400AE6DDF /* RACE1 Brannt Chiseled NCV.ttf in Resources */,
				EB402DFF1D9B7E1F00B7C8AE /* digital-7 (mono italic).ttf in Resources */,
				EB3866641D90A2FC00DE4D9E /* Assets.xcassets in Resources */,
				EB38664F1D906D1100DE4D9E /* Main.storyboard in Resources */,
				EB3866771D92656200DE4D9E /* firealarm.mp3 in Resources */,
			);
			runOnlyForDeploymentPostprocessing = 0;
		};
/* End PBXResourcesBuildPhase section */

/* Begin PBXSourcesBuildPhase section */
		EB3866421D906D1100DE4D9E /* Sources */ = {
			isa = PBXSourcesBuildPhase;
			buildActionMask = 2147483647;
			files = (
				EB3BED4A1D93555400AB8480 /* SSSClock.swift in Sources */,
				EBBA3C8D1DDDB61300D18EFD /* DateExtension.swift in Sources */,
				EB402E051D9DBAE300B7C8AE /* SSSSetupAlarmViewController.swift in Sources */,
				EB3866611D90A1C300DE4D9E /* AudioClip.swift in Sources */,
				EB33DD201D9F07190000CDAB /* SSSAlarmController.swift in Sources */,
				EB402E071D9DBAF600B7C8AE /* SSSSettingsViewController.swift in Sources */,
				EB402E091D9DBC1600B7C8AE /* SSSAddAlarmViewController.swift in Sources */,
				EB38664C1D906D1100DE4D9E /* ViewController.swift in Sources */,
				EB3866521D906D1100DE4D9E /* AlarmClock.xcdatamodeld in Sources */,
				EB3866661D90A4D800DE4D9E /* SSSAudioController.swift in Sources */,
				EB34E6B91DBCBCE0004A6609 /* alarmErrors.swift in Sources */,
				EB34E6BF1DBF49DD004A6609 /* AlarmTableViewController.swift in Sources */,
				EB38664A1D906D1100DE4D9E /* AppDelegate.swift in Sources */,
				EBBA3C8B1DDD9DAF00D18EFD /* SSSAlarmMenuTableViewController.swift in Sources */,
				EBEE6A401DDF0A9A0004E35D /* SelectAudioTableViewCell.swift in Sources */,
				EB34E6BB1DBF2E55004A6609 /* AlarmTableViewCell.swift in Sources */,
			);
			runOnlyForDeploymentPostprocessing = 0;
		};
/* End PBXSourcesBuildPhase section */

/* Begin PBXVariantGroup section */
		EB38664D1D906D1100DE4D9E /* Main.storyboard */ = {
			isa = PBXVariantGroup;
			children = (
				EB38664E1D906D1100DE4D9E /* Base */,
			);
			name = Main.storyboard;
			sourceTree = "<group>";
		};
		EB3866551D906D1100DE4D9E /* LaunchScreen.storyboard */ = {
			isa = PBXVariantGroup;
			children = (
				EB3866561D906D1100DE4D9E /* Base */,
			);
			name = LaunchScreen.storyboard;
			sourceTree = "<group>";
		};
/* End PBXVariantGroup section */

/* Begin XCBuildConfiguration section */
		EB3866591D906D1100DE4D9E /* Debug */ = {
			isa = XCBuildConfiguration;
			buildSettings = {
				ALWAYS_SEARCH_USER_PATHS = NO;
				CLANG_ANALYZER_NONNULL = YES;
				CLANG_CXX_LANGUAGE_STANDARD = "gnu++0x";
				CLANG_CXX_LIBRARY = "libc++";
				CLANG_ENABLE_MODULES = YES;
				CLANG_ENABLE_OBJC_ARC = YES;
				CLANG_WARN_BOOL_CONVERSION = YES;
				CLANG_WARN_CONSTANT_CONVERSION = YES;
				CLANG_WARN_DIRECT_OBJC_ISA_USAGE = YES_ERROR;
				CLANG_WARN_DOCUMENTATION_COMMENTS = YES;
				CLANG_WARN_EMPTY_BODY = YES;
				CLANG_WARN_ENUM_CONVERSION = YES;
				CLANG_WARN_INFINITE_RECURSION = YES;
				CLANG_WARN_INT_CONVERSION = YES;
				CLANG_WARN_OBJC_ROOT_CLASS = YES_ERROR;
				CLANG_WARN_SUSPICIOUS_MOVES = YES;
				CLANG_WARN_UNREACHABLE_CODE = YES;
				CLANG_WARN__DUPLICATE_METHOD_MATCH = YES;
				"CODE_SIGN_IDENTITY[sdk=iphoneos*]" = "iPhone Developer";
				COPY_PHASE_STRIP = NO;
				DEBUG_INFORMATION_FORMAT = dwarf;
				ENABLE_STRICT_OBJC_MSGSEND = YES;
				ENABLE_TESTABILITY = YES;
				GCC_C_LANGUAGE_STANDARD = gnu99;
				GCC_DYNAMIC_NO_PIC = NO;
				GCC_NO_COMMON_BLOCKS = YES;
				GCC_OPTIMIZATION_LEVEL = 0;
				GCC_PREPROCESSOR_DEFINITIONS = (
					"DEBUG=1",
					"$(inherited)",
				);
				GCC_WARN_64_TO_32_BIT_CONVERSION = YES;
				GCC_WARN_ABOUT_RETURN_TYPE = YES_ERROR;
				GCC_WARN_UNDECLARED_SELECTOR = YES;
				GCC_WARN_UNINITIALIZED_AUTOS = YES_AGGRESSIVE;
				GCC_WARN_UNUSED_FUNCTION = YES;
				GCC_WARN_UNUSED_VARIABLE = YES;
				IPHONEOS_DEPLOYMENT_TARGET = 10.0;
				MTL_ENABLE_DEBUG_INFO = YES;
				ONLY_ACTIVE_ARCH = YES;
				SDKROOT = iphoneos;
				SWIFT_ACTIVE_COMPILATION_CONDITIONS = DEBUG;
				SWIFT_OPTIMIZATION_LEVEL = "-Onone";
			};
			name = Debug;
		};
		EB38665A1D906D1100DE4D9E /* Release */ = {
			isa = XCBuildConfiguration;
			buildSettings = {
				ALWAYS_SEARCH_USER_PATHS = NO;
				CLANG_ANALYZER_NONNULL = YES;
				CLANG_CXX_LANGUAGE_STANDARD = "gnu++0x";
				CLANG_CXX_LIBRARY = "libc++";
				CLANG_ENABLE_MODULES = YES;
				CLANG_ENABLE_OBJC_ARC = YES;
				CLANG_WARN_BOOL_CONVERSION = YES;
				CLANG_WARN_CONSTANT_CONVERSION = YES;
				CLANG_WARN_DIRECT_OBJC_ISA_USAGE = YES_ERROR;
				CLANG_WARN_DOCUMENTATION_COMMENTS = YES;
				CLANG_WARN_EMPTY_BODY = YES;
				CLANG_WARN_ENUM_CONVERSION = YES;
				CLANG_WARN_INFINITE_RECURSION = YES;
				CLANG_WARN_INT_CONVERSION = YES;
				CLANG_WARN_OBJC_ROOT_CLASS = YES_ERROR;
				CLANG_WARN_SUSPICIOUS_MOVES = YES;
				CLANG_WARN_UNREACHABLE_CODE = YES;
				CLANG_WARN__DUPLICATE_METHOD_MATCH = YES;
				"CODE_SIGN_IDENTITY[sdk=iphoneos*]" = "iPhone Developer";
				COPY_PHASE_STRIP = NO;
				DEBUG_INFORMATION_FORMAT = "dwarf-with-dsym";
				ENABLE_NS_ASSERTIONS = NO;
				ENABLE_STRICT_OBJC_MSGSEND = YES;
				GCC_C_LANGUAGE_STANDARD = gnu99;
				GCC_NO_COMMON_BLOCKS = YES;
				GCC_WARN_64_TO_32_BIT_CONVERSION = YES;
				GCC_WARN_ABOUT_RETURN_TYPE = YES_ERROR;
				GCC_WARN_UNDECLARED_SELECTOR = YES;
				GCC_WARN_UNINITIALIZED_AUTOS = YES_AGGRESSIVE;
				GCC_WARN_UNUSED_FUNCTION = YES;
				GCC_WARN_UNUSED_VARIABLE = YES;
				IPHONEOS_DEPLOYMENT_TARGET = 10.0;
				MTL_ENABLE_DEBUG_INFO = NO;
				SDKROOT = iphoneos;
				SWIFT_OPTIMIZATION_LEVEL = "-Owholemodule";
				VALIDATE_PRODUCT = YES;
			};
			name = Release;
		};
		EB38665C1D906D1100DE4D9E /* Debug */ = {
			isa = XCBuildConfiguration;
			buildSettings = {
				ASSETCATALOG_COMPILER_APPICON_NAME = AppIcon;
				DEVELOPMENT_TEAM = M2E574EG2U;
				INFOPLIST_FILE = AlarmClock/Info.plist;
				LD_RUNPATH_SEARCH_PATHS = "$(inherited) @executable_path/Frameworks";
				PRODUCT_BUNDLE_IDENTIFIER = com.shockedstudios.AlarmClock;
				PRODUCT_NAME = "$(TARGET_NAME)";
				SWIFT_VERSION = 3.0;
			};
			name = Debug;
		};
		EB38665D1D906D1100DE4D9E /* Release */ = {
			isa = XCBuildConfiguration;
			buildSettings = {
				ASSETCATALOG_COMPILER_APPICON_NAME = AppIcon;
				DEVELOPMENT_TEAM = M2E574EG2U;
				INFOPLIST_FILE = AlarmClock/Info.plist;
				LD_RUNPATH_SEARCH_PATHS = "$(inherited) @executable_path/Frameworks";
				PRODUCT_BUNDLE_IDENTIFIER = com.shockedstudios.AlarmClock;
				PRODUCT_NAME = "$(TARGET_NAME)";
				SWIFT_VERSION = 3.0;
			};
			name = Release;
		};
/* End XCBuildConfiguration section */

/* Begin XCConfigurationList section */
		EB3866411D906D1100DE4D9E /* Build configuration list for PBXProject "AlarmClock" */ = {
			isa = XCConfigurationList;
			buildConfigurations = (
				EB3866591D906D1100DE4D9E /* Debug */,
				EB38665A1D906D1100DE4D9E /* Release */,
			);
			defaultConfigurationIsVisible = 0;
			defaultConfigurationName = Release;
		};
		EB38665B1D906D1100DE4D9E /* Build configuration list for PBXNativeTarget "AlarmClock" */ = {
			isa = XCConfigurationList;
			buildConfigurations = (
				EB38665C1D906D1100DE4D9E /* Debug */,
				EB38665D1D906D1100DE4D9E /* Release */,
			);
			defaultConfigurationIsVisible = 0;
			defaultConfigurationName = Release;
		};
/* End XCConfigurationList section */

/* Begin XCVersionGroup section */
		EB3866501D906D1100DE4D9E /* AlarmClock.xcdatamodeld */ = {
			isa = XCVersionGroup;
			children = (
				EB3866511D906D1100DE4D9E /* AlarmClock.xcdatamodel */,
			);
			currentVersion = EB3866511D906D1100DE4D9E /* AlarmClock.xcdatamodel */;
			path = AlarmClock.xcdatamodeld;
			sourceTree = "<group>";
			versionGroupType = wrapper.xcdatamodel;
		};
/* End XCVersionGroup section */
	};
	rootObject = EB38663E1D906D1100DE4D9E /* Project object */;
}
